
Microsoft Visual Studio Solution File, Format Version 12.00
# Visual Studio 15
VisualStudioVersion = 15.0.27617.1
MinimumVisualStudioVersion = 10.0.40219.1
Project("{FAE04EC0-301F-11D3-BF4B-00C04F79EFBC}") = "Contentful.ModelsCreator.Cli", "Contentful.ModelsCreator.Cli\Contentful.ModelsCreator.Cli.csproj", "{DC23D947-3ACB-4539-AA0E-2F18A8DE5C95}"
EndProject
Global
	GlobalSection(SolutionConfigurationPlatforms) = preSolution
		Debug|Any CPU = Debug|Any CPU
		Release|Any CPU = Release|Any CPU
	EndGlobalSection
	GlobalSection(ProjectConfigurationPlatforms) = postSolution
		{DC23D947-3ACB-4539-AA0E-2F18A8DE5C95}.Debug|Any CPU.ActiveCfg = Debug|Any CPU
		{DC23D947-3ACB-4539-AA0E-2F18A8DE5C95}.Debug|Any CPU.Build.0 = Debug|Any CPU
		{DC23D947-3ACB-4539-AA0E-2F18A8DE5C95}.Release|Any CPU.ActiveCfg = Release|Any CPU
		{DC23D947-3ACB-4539-AA0E-2F18A8DE5C95}.Release|Any CPU.Build.0 = Release|Any CPU
	EndGlobalSection
	GlobalSection(SolutionProperties) = preSolution
		HideSolutionNode = FALSE
	EndGlobalSection
	GlobalSection(ExtensibilityGlobals) = postSolution
		SolutionGuid = {FDF161F6-E616-4761-BF03-D9D7B58DC90B}
	EndGlobalSection
EndGlobal
